# This file is automatically @generated by Cargo.
# It is not intended for manual editing.
version = 3

[[package]]
name = "aho-corasick"
version = "0.7.19"
source = "registry+https://github.com/rust-lang/crates.io-index"
checksum = "b4f55bd91a0978cbfd91c457a164bab8b4001c833b7f323132c0a4e1922dd44e"
dependencies = [
 "memchr",
]

[[package]]
name = "emojis"
version = "0.5.0"
source = "registry+https://github.com/rust-lang/crates.io-index"
checksum = "7a650f1b7e0c13cc2906512fcc18d08c5c8390f54c5f0a9accc954fc70aa89cc"
dependencies = [
 "phf",
]

[[package]]
name = "faster_tweet_nlp_toolkit"
version = "0.1.0"
dependencies = [
 "emojis",
 "lazy_static",
 "regex",
 "unicode_categories",
]

[[package]]
name = "lazy_static"
version = "1.4.0"
source = "registry+https://github.com/rust-lang/crates.io-index"
checksum = "e2abad23fbc42b3700f2f279844dc832adb2b2eb069b2df918f455c4e18cc646"

[[package]]
name = "memchr"
version = "2.5.0"
source = "registry+https://github.com/rust-lang/crates.io-index"
checksum = "2dffe52ecf27772e601905b7522cb4ef790d2cc203488bbd0e2fe85fcb74566d"

[[package]]
name = "phf"
version = "0.11.1"
source = "registry+https://github.com/rust-lang/crates.io-index"
checksum = "928c6535de93548188ef63bb7c4036bd415cd8f36ad25af44b9789b2ee72a48c"
dependencies = [
 "phf_shared",
]

[[package]]
name = "phf_shared"
version = "0.11.1"
source = "registry+https://github.com/rust-lang/crates.io-index"
checksum = "e1fb5f6f826b772a8d4c0394209441e7d37cbbb967ae9c7e0e8134365c9ee676"
dependencies = [
 "siphasher",
]

[[package]]
name = "regex"
version = "1.6.0"
source = "registry+https://github.com/rust-lang/crates.io-index"
checksum = "4c4eb3267174b8c6c2f654116623910a0fef09c4753f8dd83db29c48a0df988b"
dependencies = [
 "aho-corasick",
 "memchr",
 "regex-syntax",
]

[[package]]
name = "regex-syntax"
version = "0.6.27"
source = "registry+https://github.com/rust-lang/crates.io-index"
checksum = "a3f87b73ce11b1619a3c6332f45341e0047173771e8b8b73f87bfeefb7b56244"

[[package]]
name = "siphasher"
version = "0.3.10"
source = "registry+https://github.com/rust-lang/crates.io-index"
checksum = "7bd3e3206899af3f8b12af284fafc038cc1dc2b41d1b89dd17297221c5d225de"

[[package]]
name = "unicode_categories"
version = "0.1.1"
source = "registry+https://github.com/rust-lang/crates.io-index"
checksum = "39ec24b3121d976906ece63c9daad25b85969647682eee313cb5779fdd69e14e"
